// !$*UTF8*$!
{
	archiveVersion = 1;
	classes = {
	};
	objectVersion = 55;
	objects = {

/* Begin PBXBuildFile section */
		9D10B5DF27A9C3FB007D37E0 /* ExchangeAppApp.swift in Sources */ = {isa = PBXBuildFile; fileRef = 9D10B5DE27A9C3FB007D37E0 /* ExchangeAppApp.swift */; };
		9D10B5E127A9C3FB007D37E0 /* ContentView.swift in Sources */ = {isa = PBXBuildFile; fileRef = 9D10B5E027A9C3FB007D37E0 /* ContentView.swift */; };
		9D10B5E327A9C3FC007D37E0 /* Assets.xcassets in Resources */ = {isa = PBXBuildFile; fileRef = 9D10B5E227A9C3FC007D37E0 /* Assets.xcassets */; };
		9D10B5E627A9C3FC007D37E0 /* Preview Assets.xcassets in Resources */ = {isa = PBXBuildFile; fileRef = 9D10B5E527A9C3FC007D37E0 /* Preview Assets.xcassets */; };
		9D10B5F027A9C3FC007D37E0 /* ExchangeAppTests.swift in Sources */ = {isa = PBXBuildFile; fileRef = 9D10B5EF27A9C3FC007D37E0 /* ExchangeAppTests.swift */; };
		9D10B5FA27A9C3FC007D37E0 /* ExchangeAppUITests.swift in Sources */ = {isa = PBXBuildFile; fileRef = 9D10B5F927A9C3FC007D37E0 /* ExchangeAppUITests.swift */; };
		9D10B5FC27A9C3FC007D37E0 /* ExchangeAppUITestsLaunchTests.swift in Sources */ = {isa = PBXBuildFile; fileRef = 9D10B5FB27A9C3FC007D37E0 /* ExchangeAppUITestsLaunchTests.swift */; };
		9D10B60A27A9C481007D37E0 /* String.swift in Sources */ = {isa = PBXBuildFile; fileRef = 9D10B60927A9C481007D37E0 /* String.swift */; };
		9D10B60D27A9C4A7007D37E0 /* Currency.swift in Sources */ = {isa = PBXBuildFile; fileRef = 9D10B60C27A9C4A7007D37E0 /* Currency.swift */; };
		9D10B60F27A9C4BE007D37E0 /* Exchange.swift in Sources */ = {isa = PBXBuildFile; fileRef = 9D10B60E27A9C4BE007D37E0 /* Exchange.swift */; };
		9D10B61127A9C4D5007D37E0 /* Rate.swift in Sources */ = {isa = PBXBuildFile; fileRef = 9D10B61027A9C4D5007D37E0 /* Rate.swift */; };
		9DA92A9127AA751D00482198 /* ApiClient.swift in Sources */ = {isa = PBXBuildFile; fileRef = 9DA92A9027AA751D00482198 /* ApiClient.swift */; };
		9DA92A9327AA753100482198 /* ExchangeRatesService.swift in Sources */ = {isa = PBXBuildFile; fileRef = 9DA92A9227AA753100482198 /* ExchangeRatesService.swift */; };
		9DA92A9627AA758A00482198 /* CurrencySelectionRow.swift in Sources */ = {isa = PBXBuildFile; fileRef = 9DA92A9527AA758A00482198 /* CurrencySelectionRow.swift */; };
		9DA92A9827AA75A500482198 /* CurrencySelectionView.swift in Sources */ = {isa = PBXBuildFile; fileRef = 9DA92A9727AA75A500482198 /* CurrencySelectionView.swift */; };
		9DA92A9A27AA75BE00482198 /* ExchangeDisplay.swift in Sources */ = {isa = PBXBuildFile; fileRef = 9DA92A9927AA75BE00482198 /* ExchangeDisplay.swift */; };
		9DA92A9C27AA75D300482198 /* ExchangeDisplayDetail.swift in Sources */ = {isa = PBXBuildFile; fileRef = 9DA92A9B27AA75D300482198 /* ExchangeDisplayDetail.swift */; };
		9DA92A9E27AA75EB00482198 /* GridStack.swift in Sources */ = {isa = PBXBuildFile; fileRef = 9DA92A9D27AA75EB00482198 /* GridStack.swift */; };
		9DA92AA027AA760500482198 /* HomeView.swift in Sources */ = {isa = PBXBuildFile; fileRef = 9DA92A9F27AA760500482198 /* HomeView.swift */; };
		9DA92AA227AA761900482198 /* HomeViewModel.swift in Sources */ = {isa = PBXBuildFile; fileRef = 9DA92AA127AA761900482198 /* HomeViewModel.swift */; };
		9DA92AA427AA762D00482198 /* Keypad.swift in Sources */ = {isa = PBXBuildFile; fileRef = 9DA92AA327AA762D00482198 /* Keypad.swift */; };
		9DA92AA627AA764100482198 /* ViewConstants.swift in Sources */ = {isa = PBXBuildFile; fileRef = 9DA92AA527AA764100482198 /* ViewConstants.swift */; };
		9DA92AB027AA76F700482198 /* local.strings in Resources */ = {isa = PBXBuildFile; fileRef = 9DA92AAF27AA76F700482198 /* local.strings */; };
		9DA92AB927AA813F00482198 /* SwapModel.xcdatamodeld in Sources */ = {isa = PBXBuildFile; fileRef = 9DA92AB727AA813F00482198 /* SwapModel.xcdatamodeld */; };
/* End PBXBuildFile section */

/* Begin PBXContainerItemProxy section */
		9D10B5EC27A9C3FC007D37E0 /* PBXContainerItemProxy */ = {
			isa = PBXContainerItemProxy;
			containerPortal = 9D10B5D327A9C3FB007D37E0 /* Project object */;
			proxyType = 1;
			remoteGlobalIDString = 9D10B5DA27A9C3FB007D37E0;
			remoteInfo = ExchangeApp;
		};
		9D10B5F627A9C3FC007D37E0 /* PBXContainerItemProxy */ = {
			isa = PBXContainerItemProxy;
			containerPortal = 9D10B5D327A9C3FB007D37E0 /* Project object */;
			proxyType = 1;
			remoteGlobalIDString = 9D10B5DA27A9C3FB007D37E0;
			remoteInfo = ExchangeApp;
		};
/* End PBXContainerItemProxy section */

/* Begin PBXFileReference section */
		9D10B5DB27A9C3FB007D37E0 /* ExchangeApp.app */ = {isa = PBXFileReference; explicitFileType = wrapper.application; includeInIndex = 0; path = ExchangeApp.app; sourceTree = BUILT_PRODUCTS_DIR; };
		9D10B5DE27A9C3FB007D37E0 /* ExchangeAppApp.swift */ = {isa = PBXFileReference; lastKnownFileType = sourcecode.swift; path = ExchangeAppApp.swift; sourceTree = "<group>"; };
		9D10B5E027A9C3FB007D37E0 /* ContentView.swift */ = {isa = PBXFileReference; lastKnownFileType = sourcecode.swift; path = ContentView.swift; sourceTree = "<group>"; };
		9D10B5E227A9C3FC007D37E0 /* Assets.xcassets */ = {isa = PBXFileReference; lastKnownFileType = folder.assetcatalog; path = Assets.xcassets; sourceTree = "<group>"; };
		9D10B5E527A9C3FC007D37E0 /* Preview Assets.xcassets */ = {isa = PBXFileReference; lastKnownFileType = folder.assetcatalog; path = "Preview Assets.xcassets"; sourceTree = "<group>"; };
		9D10B5EB27A9C3FC007D37E0 /* ExchangeAppTests.xctest */ = {isa = PBXFileReference; explicitFileType = wrapper.cfbundle; includeInIndex = 0; path = ExchangeAppTests.xctest; sourceTree = BUILT_PRODUCTS_DIR; };
		9D10B5EF27A9C3FC007D37E0 /* ExchangeAppTests.swift */ = {isa = PBXFileReference; lastKnownFileType = sourcecode.swift; path = ExchangeAppTests.swift; sourceTree = "<group>"; };
		9D10B5F527A9C3FC007D37E0 /* ExchangeAppUITests.xctest */ = {isa = PBXFileReference; explicitFileType = wrapper.cfbundle; includeInIndex = 0; path = ExchangeAppUITests.xctest; sourceTree = BUILT_PRODUCTS_DIR; };
		9D10B5F927A9C3FC007D37E0 /* ExchangeAppUITests.swift */ = {isa = PBXFileReference; lastKnownFileType = sourcecode.swift; path = ExchangeAppUITests.swift; sourceTree = "<group>"; };
		9D10B5FB27A9C3FC007D37E0 /* ExchangeAppUITestsLaunchTests.swift */ = {isa = PBXFileReference; lastKnownFileType = sourcecode.swift; path = ExchangeAppUITestsLaunchTests.swift; sourceTree = "<group>"; };
		9D10B60927A9C481007D37E0 /* String.swift */ = {isa = PBXFileReference; lastKnownFileType = sourcecode.swift; path = String.swift; sourceTree = "<group>"; };
		9D10B60C27A9C4A7007D37E0 /* Currency.swift */ = {isa = PBXFileReference; lastKnownFileType = sourcecode.swift; path = Currency.swift; sourceTree = "<group>"; };
		9D10B60E27A9C4BE007D37E0 /* Exchange.swift */ = {isa = PBXFileReference; lastKnownFileType = sourcecode.swift; path = Exchange.swift; sourceTree = "<group>"; };
		9D10B61027A9C4D5007D37E0 /* Rate.swift */ = {isa = PBXFileReference; lastKnownFileType = sourcecode.swift; path = Rate.swift; sourceTree = "<group>"; };
		9DA92A9027AA751D00482198 /* ApiClient.swift */ = {isa = PBXFileReference; lastKnownFileType = sourcecode.swift; path = ApiClient.swift; sourceTree = "<group>"; };
		9DA92A9227AA753100482198 /* ExchangeRatesService.swift */ = {isa = PBXFileReference; lastKnownFileType = sourcecode.swift; path = ExchangeRatesService.swift; sourceTree = "<group>"; };
		9DA92A9527AA758A00482198 /* CurrencySelectionRow.swift */ = {isa = PBXFileReference; lastKnownFileType = sourcecode.swift; path = CurrencySelectionRow.swift; sourceTree = "<group>"; };
		9DA92A9727AA75A500482198 /* CurrencySelectionView.swift */ = {isa = PBXFileReference; lastKnownFileType = sourcecode.swift; path = CurrencySelectionView.swift; sourceTree = "<group>"; };
		9DA92A9927AA75BE00482198 /* ExchangeDisplay.swift */ = {isa = PBXFileReference; lastKnownFileType = sourcecode.swift; path = ExchangeDisplay.swift; sourceTree = "<group>"; };
		9DA92A9B27AA75D300482198 /* ExchangeDisplayDetail.swift */ = {isa = PBXFileReference; lastKnownFileType = sourcecode.swift; path = ExchangeDisplayDetail.swift; sourceTree = "<group>"; };
		9DA92A9D27AA75EB00482198 /* GridStack.swift */ = {isa = PBXFileReference; lastKnownFileType = sourcecode.swift; path = GridStack.swift; sourceTree = "<group>"; };
		9DA92A9F27AA760500482198 /* HomeView.swift */ = {isa = PBXFileReference; lastKnownFileType = sourcecode.swift; path = HomeView.swift; sourceTree = "<group>"; };
		9DA92AA127AA761900482198 /* HomeViewModel.swift */ = {isa = PBXFileReference; lastKnownFileType = sourcecode.swift; path = HomeViewModel.swift; sourceTree = "<group>"; };
		9DA92AA327AA762D00482198 /* Keypad.swift */ = {isa = PBXFileReference; lastKnownFileType = sourcecode.swift; path = Keypad.swift; sourceTree = "<group>"; };
		9DA92AA527AA764100482198 /* ViewConstants.swift */ = {isa = PBXFileReference; lastKnownFileType = sourcecode.swift; path = ViewConstants.swift; sourceTree = "<group>"; };
		9DA92AAF27AA76F700482198 /* local.strings */ = {isa = PBXFileReference; lastKnownFileType = text.plist.strings; path = local.strings; sourceTree = "<group>"; };
		9DA92AB827AA813F00482198 /* SwapModel.xcdatamodel */ = {isa = PBXFileReference; lastKnownFileType = wrapper.xcdatamodel; path = SwapModel.xcdatamodel; sourceTree = "<group>"; };
/* End PBXFileReference section */

/* Begin PBXFrameworksBuildPhase section */
		9D10B5D827A9C3FB007D37E0 /* Frameworks */ = {
			isa = PBXFrameworksBuildPhase;
			buildActionMask = 2147483647;
			files = (
			);
			runOnlyForDeploymentPostprocessing = 0;
		};
		9D10B5E827A9C3FC007D37E0 /* Frameworks */ = {
			isa = PBXFrameworksBuildPhase;
			buildActionMask = 2147483647;
			files = (
			);
			runOnlyForDeploymentPostprocessing = 0;
		};
		9D10B5F227A9C3FC007D37E0 /* Frameworks */ = {
			isa = PBXFrameworksBuildPhase;
			buildActionMask = 2147483647;
			files = (
			);
			runOnlyForDeploymentPostprocessing = 0;
		};
/* End PBXFrameworksBuildPhase section */

/* Begin PBXGroup section */
		9D10B5D227A9C3FB007D37E0 = {
			isa = PBXGroup;
			children = (
				9D10B5DD27A9C3FB007D37E0 /* ExchangeApp */,
				9D10B5EE27A9C3FC007D37E0 /* ExchangeAppTests */,
				9D10B5F827A9C3FC007D37E0 /* ExchangeAppUITests */,
				9D10B5DC27A9C3FB007D37E0 /* Products */,
			);
			sourceTree = "<group>";
		};
		9D10B5DC27A9C3FB007D37E0 /* Products */ = {
			isa = PBXGroup;
			children = (
				9D10B5DB27A9C3FB007D37E0 /* ExchangeApp.app */,
				9D10B5EB27A9C3FC007D37E0 /* ExchangeAppTests.xctest */,
				9D10B5F527A9C3FC007D37E0 /* ExchangeAppUITests.xctest */,
			);
			name = Products;
			sourceTree = "<group>";
		};
		9D10B5DD27A9C3FB007D37E0 /* ExchangeApp */ = {
			isa = PBXGroup;
			children = (
				9DA92A9427AA757A00482198 /* view */,
				9DA92A8F27AA750300482198 /* services */,
				9D10B60B27A9C496007D37E0 /* model */,
				9D10B60827A9C461007D37E0 /* extentions */,
				9D10B5DE27A9C3FB007D37E0 /* ExchangeAppApp.swift */,
				9D10B5E027A9C3FB007D37E0 /* ContentView.swift */,
				9D10B5E227A9C3FC007D37E0 /* Assets.xcassets */,
				9D10B5E427A9C3FC007D37E0 /* Preview Content */,
				9DA92AAF27AA76F700482198 /* local.strings */,
				9DA92AB727AA813F00482198 /* SwapModel.xcdatamodeld */,
			);
			path = ExchangeApp;
			sourceTree = "<group>";
		};
		9D10B5E427A9C3FC007D37E0 /* Preview Content */ = {
			isa = PBXGroup;
			children = (
				9D10B5E527A9C3FC007D37E0 /* Preview Assets.xcassets */,
			);
			path = "Preview Content";
			sourceTree = "<group>";
		};
		9D10B5EE27A9C3FC007D37E0 /* ExchangeAppTests */ = {
			isa = PBXGroup;
			children = (
				9D10B5EF27A9C3FC007D37E0 /* ExchangeAppTests.swift */,
			);
			path = ExchangeAppTests;
			sourceTree = "<group>";
		};
		9D10B5F827A9C3FC007D37E0 /* ExchangeAppUITests */ = {
			isa = PBXGroup;
			children = (
				9D10B5F927A9C3FC007D37E0 /* ExchangeAppUITests.swift */,
				9D10B5FB27A9C3FC007D37E0 /* ExchangeAppUITestsLaunchTests.swift */,
			);
			path = ExchangeAppUITests;
			sourceTree = "<group>";
		};
		9D10B60827A9C461007D37E0 /* extentions */ = {
			isa = PBXGroup;
			children = (
				9D10B60927A9C481007D37E0 /* String.swift */,
			);
			path = extentions;
			sourceTree = "<group>";
		};
		9D10B60B27A9C496007D37E0 /* model */ = {
			isa = PBXGroup;
			children = (
				9D10B60C27A9C4A7007D37E0 /* Currency.swift */,
				9D10B60E27A9C4BE007D37E0 /* Exchange.swift */,
				9D10B61027A9C4D5007D37E0 /* Rate.swift */,
			);
			path = model;
			sourceTree = "<group>";
		};
		9DA92A8F27AA750300482198 /* services */ = {
			isa = PBXGroup;
			children = (
				9DA92A9027AA751D00482198 /* ApiClient.swift */,
				9DA92A9227AA753100482198 /* ExchangeRatesService.swift */,
			);
			path = services;
			sourceTree = "<group>";
		};
		9DA92A9427AA757A00482198 /* view */ = {
			isa = PBXGroup;
			children = (
				9DA92A9527AA758A00482198 /* CurrencySelectionRow.swift */,
				9DA92A9727AA75A500482198 /* CurrencySelectionView.swift */,
				9DA92A9927AA75BE00482198 /* ExchangeDisplay.swift */,
				9DA92A9B27AA75D300482198 /* ExchangeDisplayDetail.swift */,
				9DA92A9D27AA75EB00482198 /* GridStack.swift */,
				9DA92A9F27AA760500482198 /* HomeView.swift */,
				9DA92AA127AA761900482198 /* HomeViewModel.swift */,
				9DA92AA327AA762D00482198 /* Keypad.swift */,
				9DA92AA527AA764100482198 /* ViewConstants.swift */,
			);
			path = view;
			sourceTree = "<group>";
		};
/* End PBXGroup section */

/* Begin PBXNativeTarget section */
		9D10B5DA27A9C3FB007D37E0 /* ExchangeApp */ = {
			isa = PBXNativeTarget;
			buildConfigurationList = 9D10B5FF27A9C3FC007D37E0 /* Build configuration list for PBXNativeTarget "ExchangeApp" */;
			buildPhases = (
				9D10B5D727A9C3FB007D37E0 /* Sources */,
				9D10B5D827A9C3FB007D37E0 /* Frameworks */,
				9D10B5D927A9C3FB007D37E0 /* Resources */,
			);
			buildRules = (
			);
			dependencies = (
			);
			name = ExchangeApp;
			productName = ExchangeApp;
			productReference = 9D10B5DB27A9C3FB007D37E0 /* ExchangeApp.app */;
			productType = "com.apple.product-type.application";
		};
		9D10B5EA27A9C3FC007D37E0 /* ExchangeAppTests */ = {
			isa = PBXNativeTarget;
			buildConfigurationList = 9D10B60227A9C3FC007D37E0 /* Build configuration list for PBXNativeTarget "ExchangeAppTests" */;
			buildPhases = (
				9D10B5E727A9C3FC007D37E0 /* Sources */,
				9D10B5E827A9C3FC007D37E0 /* Frameworks */,
				9D10B5E927A9C3FC007D37E0 /* Resources */,
			);
			buildRules = (
			);
			dependencies = (
				9D10B5ED27A9C3FC007D37E0 /* PBXTargetDependency */,
			);
			name = ExchangeAppTests;
			productName = ExchangeAppTests;
			productReference = 9D10B5EB27A9C3FC007D37E0 /* ExchangeAppTests.xctest */;
			productType = "com.apple.product-type.bundle.unit-test";
		};
		9D10B5F427A9C3FC007D37E0 /* ExchangeAppUITests */ = {
			isa = PBXNativeTarget;
			buildConfigurationList = 9D10B60527A9C3FC007D37E0 /* Build configuration list for PBXNativeTarget "ExchangeAppUITests" */;
			buildPhases = (
				9D10B5F127A9C3FC007D37E0 /* Sources */,
				9D10B5F227A9C3FC007D37E0 /* Frameworks */,
				9D10B5F327A9C3FC007D37E0 /* Resources */,
			);
			buildRules = (
			);
			dependencies = (
				9D10B5F727A9C3FC007D37E0 /* PBXTargetDependency */,
			);
			name = ExchangeAppUITests;
			productName = ExchangeAppUITests;
			productReference = 9D10B5F527A9C3FC007D37E0 /* ExchangeAppUITests.xctest */;
			productType = "com.apple.product-type.bundle.ui-testing";
		};
/* End PBXNativeTarget section */

/* Begin PBXProject section */
		9D10B5D327A9C3FB007D37E0 /* Project object */ = {
			isa = PBXProject;
			attributes = {
				BuildIndependentTargetsInParallel = 1;
				LastSwiftUpdateCheck = 1320;
				LastUpgradeCheck = 1320;
				TargetAttributes = {
					9D10B5DA27A9C3FB007D37E0 = {
						CreatedOnToolsVersion = 13.2.1;
					};
					9D10B5EA27A9C3FC007D37E0 = {
						CreatedOnToolsVersion = 13.2.1;
						TestTargetID = 9D10B5DA27A9C3FB007D37E0;
					};
					9D10B5F427A9C3FC007D37E0 = {
						CreatedOnToolsVersion = 13.2.1;
						TestTargetID = 9D10B5DA27A9C3FB007D37E0;
					};
				};
			};
			buildConfigurationList = 9D10B5D627A9C3FB007D37E0 /* Build configuration list for PBXProject "ExchangeApp" */;
			compatibilityVersion = "Xcode 13.0";
			developmentRegion = en;
			hasScannedForEncodings = 0;
			knownRegions = (
				en,
				Base,
			);
			mainGroup = 9D10B5D227A9C3FB007D37E0;
			productRefGroup = 9D10B5DC27A9C3FB007D37E0 /* Products */;
			projectDirPath = "";
			projectRoot = "";
			targets = (
				9D10B5DA27A9C3FB007D37E0 /* ExchangeApp */,
				9D10B5EA27A9C3FC007D37E0 /* ExchangeAppTests */,
				9D10B5F427A9C3FC007D37E0 /* ExchangeAppUITests */,
			);
		};
/* End PBXProject section */

/* Begin PBXResourcesBuildPhase section */
		9D10B5D927A9C3FB007D37E0 /* Resources */ = {
			isa = PBXResourcesBuildPhase;
			buildActionMask = 2147483647;
			files = (
				9DA92AB027AA76F700482198 /* local.strings in Resources */,
				9D10B5E627A9C3FC007D37E0 /* Preview Assets.xcassets in Resources */,
				9D10B5E327A9C3FC007D37E0 /* Assets.xcassets in Resources */,
			);
			runOnlyForDeploymentPostprocessing = 0;
		};
		9D10B5E927A9C3FC007D37E0 /* Resources */ = {
			isa = PBXResourcesBuildPhase;
			buildActionMask = 2147483647;
			files = (
			);
			runOnlyForDeploymentPostprocessing = 0;
		};
		9D10B5F327A9C3FC007D37E0 /* Resources */ = {
			isa = PBXResourcesBuildPhase;
			buildActionMask = 2147483647;
			files = (
			);
			runOnlyForDeploymentPostprocessing = 0;
		};
/* End PBXResourcesBuildPhase section */

/* Begin PBXSourcesBuildPhase section */
		9D10B5D727A9C3FB007D37E0 /* Sources */ = {
			isa = PBXSourcesBuildPhase;
			buildActionMask = 2147483647;
			files = (
				9DA92A9A27AA75BE00482198 /* ExchangeDisplay.swift in Sources */,
				9DA92AA027AA760500482198 /* HomeView.swift in Sources */,
				9DA92A9627AA758A00482198 /* CurrencySelectionRow.swift in Sources */,
				9DA92A9327AA753100482198 /* ExchangeRatesService.swift in Sources */,
				9DA92A9E27AA75EB00482198 /* GridStack.swift in Sources */,
				9DA92AA427AA762D00482198 /* Keypad.swift in Sources */,
				9DA92A9127AA751D00482198 /* ApiClient.swift in Sources */,
				9D10B60D27A9C4A7007D37E0 /* Currency.swift in Sources */,
				9D10B60A27A9C481007D37E0 /* String.swift in Sources */,
				9D10B5E127A9C3FB007D37E0 /* ContentView.swift in Sources */,
				9DA92A9827AA75A500482198 /* CurrencySelectionView.swift in Sources */,
				9DA92AA627AA764100482198 /* ViewConstants.swift in Sources */,
				9D10B61127A9C4D5007D37E0 /* Rate.swift in Sources */,
				9D10B60F27A9C4BE007D37E0 /* Exchange.swift in Sources */,
				9DA92AB927AA813F00482198 /* SwapModel.xcdatamodeld in Sources */,
				9DA92A9C27AA75D300482198 /* ExchangeDisplayDetail.swift in Sources */,
				9DA92AA227AA761900482198 /* HomeViewModel.swift in Sources */,
				9D10B5DF27A9C3FB007D37E0 /* ExchangeAppApp.swift in Sources */,
			);
			runOnlyForDeploymentPostprocessing = 0;
		};
		9D10B5E727A9C3FC007D37E0 /* Sources */ = {
			isa = PBXSourcesBuildPhase;
			buildActionMask = 2147483647;
			files = (
				9D10B5F027A9C3FC007D37E0 /* ExchangeAppTests.swift in Sources */,
			);
			runOnlyForDeploymentPostprocessing = 0;
		};
		9D10B5F127A9C3FC007D37E0 /* Sources */ = {
			isa = PBXSourcesBuildPhase;
			buildActionMask = 2147483647;
			files = (
				9D10B5FA27A9C3FC007D37E0 /* ExchangeAppUITests.swift in Sources */,
				9D10B5FC27A9C3FC007D37E0 /* ExchangeAppUITestsLaunchTests.swift in Sources */,
			);
			runOnlyForDeploymentPostprocessing = 0;
		};
/* End PBXSourcesBuildPhase section */

/* Begin PBXTargetDependency section */
		9D10B5ED27A9C3FC007D37E0 /* PBXTargetDependency */ = {
			isa = PBXTargetDependency;
			target = 9D10B5DA27A9C3FB007D37E0 /* ExchangeApp */;
			targetProxy = 9D10B5EC27A9C3FC007D37E0 /* PBXContainerItemProxy */;
		};
		9D10B5F727A9C3FC007D37E0 /* PBXTargetDependency */ = {
			isa = PBXTargetDependency;
			target = 9D10B5DA27A9C3FB007D37E0 /* ExchangeApp */;
			targetProxy = 9D10B5F627A9C3FC007D37E0 /* PBXContainerItemProxy */;
		};
/* End PBXTargetDependency section */

/* Begin XCBuildConfiguration section */
		9D10B5FD27A9C3FC007D37E0 /* Debug */ = {
			isa = XCBuildConfiguration;
			buildSettings = {
				ALWAYS_SEARCH_USER_PATHS = NO;
				CLANG_ANALYZER_NONNULL = YES;
				CLANG_ANALYZER_NUMBER_OBJECT_CONVERSION = YES_AGGRESSIVE;
				CLANG_CXX_LANGUAGE_STANDARD = "gnu++17";
				CLANG_CXX_LIBRARY = "libc++";
				CLANG_ENABLE_MODULES = YES;
				CLANG_ENABLE_OBJC_ARC = YES;
				CLANG_ENABLE_OBJC_WEAK = YES;
				CLANG_WARN_BLOCK_CAPTURE_AUTORELEASING = YES;
				CLANG_WARN_BOOL_CONVERSION = YES;
				CLANG_WARN_COMMA = YES;
				CLANG_WARN_CONSTANT_CONVERSION = YES;
				CLANG_WARN_DEPRECATED_OBJC_IMPLEMENTATIONS = YES;
				CLANG_WARN_DIRECT_OBJC_ISA_USAGE = YES_ERROR;
				CLANG_WARN_DOCUMENTATION_COMMENTS = YES;
				CLANG_WARN_EMPTY_BODY = YES;
				CLANG_WARN_ENUM_CONVERSION = YES;
				CLANG_WARN_INFINITE_RECURSION = YES;
				CLANG_WARN_INT_CONVERSION = YES;
				CLANG_WARN_NON_LITERAL_NULL_CONVERSION = YES;
				CLANG_WARN_OBJC_IMPLICIT_RETAIN_SELF = YES;
				CLANG_WARN_OBJC_LITERAL_CONVERSION = YES;
				CLANG_WARN_OBJC_ROOT_CLASS = YES_ERROR;
				CLANG_WARN_QUOTED_INCLUDE_IN_FRAMEWORK_HEADER = YES;
				CLANG_WARN_RANGE_LOOP_ANALYSIS = YES;
				CLANG_WARN_STRICT_PROTOTYPES = YES;
				CLANG_WARN_SUSPICIOUS_MOVE = YES;
				CLANG_WARN_UNGUARDED_AVAILABILITY = YES_AGGRESSIVE;
				CLANG_WARN_UNREACHABLE_CODE = YES;
				CLANG_WARN__DUPLICATE_METHOD_MATCH = YES;
				COPY_PHASE_STRIP = NO;
				DEBUG_INFORMATION_FORMAT = dwarf;
				ENABLE_STRICT_OBJC_MSGSEND = YES;
				ENABLE_TESTABILITY = YES;
				GCC_C_LANGUAGE_STANDARD = gnu11;
				GCC_DYNAMIC_NO_PIC = NO;
				GCC_NO_COMMON_BLOCKS = YES;
				GCC_OPTIMIZATION_LEVEL = 0;
				GCC_PREPROCESSOR_DEFINITIONS = (
					"DEBUG=1",
					"$(inherited)",
				);
				GCC_WARN_64_TO_32_BIT_CONVERSION = YES;
				GCC_WARN_ABOUT_RETURN_TYPE = YES_ERROR;
				GCC_WARN_UNDECLARED_SELECTOR = YES;
				GCC_WARN_UNINITIALIZED_AUTOS = YES_AGGRESSIVE;
				GCC_WARN_UNUSED_FUNCTION = YES;
				GCC_WARN_UNUSED_VARIABLE = YES;
				IPHONEOS_DEPLOYMENT_TARGET = 15.2;
				MTL_ENABLE_DEBUG_INFO = INCLUDE_SOURCE;
				MTL_FAST_MATH = YES;
				ONLY_ACTIVE_ARCH = YES;
				SDKROOT = iphoneos;
				SWIFT_ACTIVE_COMPILATION_CONDITIONS = DEBUG;
				SWIFT_OPTIMIZATION_LEVEL = "-Onone";
			};
			name = Debug;
		};
		9D10B5FE27A9C3FC007D37E0 /* Release */ = {
			isa = XCBuildConfiguration;
			buildSettings = {
				ALWAYS_SEARCH_USER_PATHS = NO;
				CLANG_ANALYZER_NONNULL = YES;
				CLANG_ANALYZER_NUMBER_OBJECT_CONVERSION = YES_AGGRESSIVE;
				CLANG_CXX_LANGUAGE_STANDARD = "gnu++17";
				CLANG_CXX_LIBRARY = "libc++";
				CLANG_ENABLE_MODULES = YES;
				CLANG_ENABLE_OBJC_ARC = YES;
				CLANG_ENABLE_OBJC_WEAK = YES;
				CLANG_WARN_BLOCK_CAPTURE_AUTORELEASING = YES;
				CLANG_WARN_BOOL_CONVERSION = YES;
				CLANG_WARN_COMMA = YES;
				CLANG_WARN_CONSTANT_CONVERSION = YES;
				CLANG_WARN_DEPRECATED_OBJC_IMPLEMENTATIONS = YES;
				CLANG_WARN_DIRECT_OBJC_ISA_USAGE = YES_ERROR;
				CLANG_WARN_DOCUMENTATION_COMMENTS = YES;
				CLANG_WARN_EMPTY_BODY = YES;
				CLANG_WARN_ENUM_CONVERSION = YES;
				CLANG_WARN_INFINITE_RECURSION = YES;
				CLANG_WARN_INT_CONVERSION = YES;
				CLANG_WARN_NON_LITERAL_NULL_CONVERSION = YES;
				CLANG_WARN_OBJC_IMPLICIT_RETAIN_SELF = YES;
				CLANG_WARN_OBJC_LITERAL_CONVERSION = YES;
				CLANG_WARN_OBJC_ROOT_CLASS = YES_ERROR;
				CLANG_WARN_QUOTED_INCLUDE_IN_FRAMEWORK_HEADER = YES;
				CLANG_WARN_RANGE_LOOP_ANALYSIS = YES;
				CLANG_WARN_STRICT_PROTOTYPES = YES;
				CLANG_WARN_SUSPICIOUS_MOVE = YES;
				CLANG_WARN_UNGUARDED_AVAILABILITY = YES_AGGRESSIVE;
				CLANG_WARN_UNREACHABLE_CODE = YES;
				CLANG_WARN__DUPLICATE_METHOD_MATCH = YES;
				COPY_PHASE_STRIP = NO;
				DEBUG_INFORMATION_FORMAT = "dwarf-with-dsym";
				ENABLE_NS_ASSERTIONS = NO;
				ENABLE_STRICT_OBJC_MSGSEND = YES;
				GCC_C_LANGUAGE_STANDARD = gnu11;
				GCC_NO_COMMON_BLOCKS = YES;
				GCC_WARN_64_TO_32_BIT_CONVERSION = YES;
				GCC_WARN_ABOUT_RETURN_TYPE = YES_ERROR;
				GCC_WARN_UNDECLARED_SELECTOR = YES;
				GCC_WARN_UNINITIALIZED_AUTOS = YES_AGGRESSIVE;
				GCC_WARN_UNUSED_FUNCTION = YES;
				GCC_WARN_UNUSED_VARIABLE = YES;
				IPHONEOS_DEPLOYMENT_TARGET = 15.2;
				MTL_ENABLE_DEBUG_INFO = NO;
				MTL_FAST_MATH = YES;
				SDKROOT = iphoneos;
				SWIFT_COMPILATION_MODE = wholemodule;
				SWIFT_OPTIMIZATION_LEVEL = "-O";
				VALIDATE_PRODUCT = YES;
			};
			name = Release;
		};
		9D10B60027A9C3FC007D37E0 /* Debug */ = {
			isa = XCBuildConfiguration;
			buildSettings = {
				ASSETCATALOG_COMPILER_APPICON_NAME = AppIcon;
				ASSETCATALOG_COMPILER_GLOBAL_ACCENT_COLOR_NAME = AccentColor;
				CODE_SIGN_STYLE = Automatic;
				CURRENT_PROJECT_VERSION = 1;
				DEVELOPMENT_ASSET_PATHS = "\"ExchangeApp/Preview Content\"";
				ENABLE_PREVIEWS = YES;
				GENERATE_INFOPLIST_FILE = YES;
				INFOPLIST_KEY_UIApplicationSceneManifest_Generation = YES;
				INFOPLIST_KEY_UIApplicationSupportsIndirectInputEvents = YES;
				INFOPLIST_KEY_UILaunchScreen_Generation = YES;
				INFOPLIST_KEY_UISupportedInterfaceOrientations_iPad = "UIInterfaceOrientationPortrait UIInterfaceOrientationPortraitUpsideDown UIInterfaceOrientationLandscapeLeft UIInterfaceOrientationLandscapeRight";
				INFOPLIST_KEY_UISupportedInterfaceOrientations_iPhone = "UIInterfaceOrientationPortrait UIInterfaceOrientationLandscapeLeft UIInterfaceOrientationLandscapeRight";
				LD_RUNPATH_SEARCH_PATHS = (
					"$(inherited)",
					"@executable_path/Frameworks",
				);
				MARKETING_VERSION = 1.0;
				PRODUCT_BUNDLE_IDENTIFIER = muhal24.ExchangeApp;
				PRODUCT_NAME = "$(TARGET_NAME)";
				SWIFT_EMIT_LOC_STRINGS = YES;
				SWIFT_VERSION = 5.0;
				TARGETED_DEVICE_FAMILY = "1,2";
			};
			name = Debug;
		};
		9D10B60127A9C3FC007D37E0 /* Release */ = {
			isa = XCBuildConfiguration;
			buildSettings = {
				ASSETCATALOG_COMPILER_APPICON_NAME = AppIcon;
				ASSETCATALOG_COMPILER_GLOBAL_ACCENT_COLOR_NAME = AccentColor;
				CODE_SIGN_STYLE = Automatic;
				CURRENT_PROJECT_VERSION = 1;
				DEVELOPMENT_ASSET_PATHS = "\"ExchangeApp/Preview Content\"";
				ENABLE_PREVIEWS = YES;
				GENERATE_INFOPLIST_FILE = YES;
				INFOPLIST_KEY_UIApplicationSceneManifest_Generation = YES;
				INFOPLIST_KEY_UIApplicationSupportsIndirectInputEvents = YES;
				INFOPLIST_KEY_UILaunchScreen_Generation = YES;
				INFOPLIST_KEY_UISupportedInterfaceOrientations_iPad = "UIInterfaceOrientationPortrait UIInterfaceOrientationPortraitUpsideDown UIInterfaceOrientationLandscapeLeft UIInterfaceOrientationLandscapeRight";
				INFOPLIST_KEY_UISupportedInterfaceOrientations_iPhone = "UIInterfaceOrientationPortrait UIInterfaceOrientationLandscapeLeft UIInterfaceOrientationLandscapeRight";
				LD_RUNPATH_SEARCH_PATHS = (
					"$(inherited)",
					"@executable_path/Frameworks",
				);
				MARKETING_VERSION = 1.0;
				PRODUCT_BUNDLE_IDENTIFIER = muhal24.ExchangeApp;
				PRODUCT_NAME = "$(TARGET_NAME)";
				SWIFT_EMIT_LOC_STRINGS = YES;
				SWIFT_VERSION = 5.0;
				TARGETED_DEVICE_FAMILY = "1,2";
			};
			name = Release;
		};
		9D10B60327A9C3FC007D37E0 /* Debug */ = {
			isa = XCBuildConfiguration;
			buildSettings = {
				ALWAYS_EMBED_SWIFT_STANDARD_LIBRARIES = YES;
				BUNDLE_LOADER = "$(TEST_HOST)";
				CODE_SIGN_STYLE = Automatic;
				CURRENT_PROJECT_VERSION = 1;
				GENERATE_INFOPLIST_FILE = YES;
				IPHONEOS_DEPLOYMENT_TARGET = 15.2;
				MARKETING_VERSION = 1.0;
				PRODUCT_BUNDLE_IDENTIFIER = muhal24.ExchangeAppTests;
				PRODUCT_NAME = "$(TARGET_NAME)";
				SWIFT_EMIT_LOC_STRINGS = NO;
				SWIFT_VERSION = 5.0;
				TARGETED_DEVICE_FAMILY = "1,2";
				TEST_HOST = "$(BUILT_PRODUCTS_DIR)/ExchangeApp.app/ExchangeApp";
			};
			name = Debug;
		};
		9D10B60427A9C3FC007D37E0 /* Release */ = {
			isa = XCBuildConfiguration;
			buildSettings = {
				ALWAYS_EMBED_SWIFT_STANDARD_LIBRARIES = YES;
				BUNDLE_LOADER = "$(TEST_HOST)";
				CODE_SIGN_STYLE = Automatic;
				CURRENT_PROJECT_VERSION = 1;
				GENERATE_INFOPLIST_FILE = YES;
				IPHONEOS_DEPLOYMENT_TARGET = 15.2;
				MARKETING_VERSION = 1.0;
				PRODUCT_BUNDLE_IDENTIFIER = muhal24.ExchangeAppTests;
				PRODUCT_NAME = "$(TARGET_NAME)";
				SWIFT_EMIT_LOC_STRINGS = NO;
				SWIFT_VERSION = 5.0;
				TARGETED_DEVICE_FAMILY = "1,2";
				TEST_HOST = "$(BUILT_PRODUCTS_DIR)/ExchangeApp.app/ExchangeApp";
			};
			name = Release;
		};
		9D10B60627A9C3FC007D37E0 /* Debug */ = {
			isa = XCBuildConfiguration;
			buildSettings = {
				ALWAYS_EMBED_SWIFT_STANDARD_LIBRARIES = YES;
				CODE_SIGN_STYLE = Automatic;
				CURRENT_PROJECT_VERSION = 1;
				GENERATE_INFOPLIST_FILE = YES;
				MARKETING_VERSION = 1.0;
				PRODUCT_BUNDLE_IDENTIFIER = muhal24.ExchangeAppUITests;
				PRODUCT_NAME = "$(TARGET_NAME)";
				SWIFT_EMIT_LOC_STRINGS = NO;
				SWIFT_VERSION = 5.0;
				TARGETED_DEVICE_FAMILY = "1,2";
				TEST_TARGET_NAME = ExchangeApp;
			};
			name = Debug;
		};
		9D10B60727A9C3FC007D37E0 /* Release */ = {
			isa = XCBuildConfiguration;
			buildSettings = {
				ALWAYS_EMBED_SWIFT_STANDARD_LIBRARIES = YES;
				CODE_SIGN_STYLE = Automatic;
				CURRENT_PROJECT_VERSION = 1;
				GENERATE_INFOPLIST_FILE = YES;
				MARKETING_VERSION = 1.0;
				PRODUCT_BUNDLE_IDENTIFIER = muhal24.ExchangeAppUITests;
				PRODUCT_NAME = "$(TARGET_NAME)";
				SWIFT_EMIT_LOC_STRINGS = NO;
				SWIFT_VERSION = 5.0;
				TARGETED_DEVICE_FAMILY = "1,2";
				TEST_TARGET_NAME = ExchangeApp;
			};
			name = Release;
		};
/* End XCBuildConfiguration section */

/* Begin XCConfigurationList section */
		9D10B5D627A9C3FB007D37E0 /* Build configuration list for PBXProject "ExchangeApp" */ = {
			isa = XCConfigurationList;
			buildConfigurations = (
				9D10B5FD27A9C3FC007D37E0 /* Debug */,
				9D10B5FE27A9C3FC007D37E0 /* Release */,
			);
			defaultConfigurationIsVisible = 0;
			defaultConfigurationName = Release;
		};
		9D10B5FF27A9C3FC007D37E0 /* Build configuration list for PBXNativeTarget "ExchangeApp" */ = {
			isa = XCConfigurationList;
			buildConfigurations = (
				9D10B60027A9C3FC007D37E0 /* Debug */,
				9D10B60127A9C3FC007D37E0 /* Release */,
			);
			defaultConfigurationIsVisible = 0;
			defaultConfigurationName = Release;
		};
		9D10B60227A9C3FC007D37E0 /* Build configuration list for PBXNativeTarget "ExchangeAppTests" */ = {
			isa = XCConfigurationList;
			buildConfigurations = (
				9D10B60327A9C3FC007D37E0 /* Debug */,
				9D10B60427A9C3FC007D37E0 /* Release */,
			);
			defaultConfigurationIsVisible = 0;
			defaultConfigurationName = Release;
		};
		9D10B60527A9C3FC007D37E0 /* Build configuration list for PBXNativeTarget "ExchangeAppUITests" */ = {
			isa = XCConfigurationList;
			buildConfigurations = (
				9D10B60627A9C3FC007D37E0 /* Debug */,
				9D10B60727A9C3FC007D37E0 /* Release */,
			);
			defaultConfigurationIsVisible = 0;
			defaultConfigurationName = Release;
		};
/* End XCConfigurationList section */

/* Begin XCVersionGroup section */
		9DA92AB727AA813F00482198 /* SwapModel.xcdatamodeld */ = {
			isa = XCVersionGroup;
			children = (
				9DA92AB827AA813F00482198 /* SwapModel.xcdatamodel */,
			);
			currentVersion = 9DA92AB827AA813F00482198 /* SwapModel.xcdatamodel */;
			path = SwapModel.xcdatamodeld;
			sourceTree = "<group>";
			versionGroupType = wrapper.xcdatamodel;
		};
/* End XCVersionGroup section */
	};
	rootObject = 9D10B5D327A9C3FB007D37E0 /* Project object */;
}
